
Microsoft Visual Studio Solution File, Format Version 12.00
# Visual Studio Version 17
VisualStudioVersion = 17.6.33815.320
MinimumVisualStudioVersion = 10.0.40219.1
Project("{FAE04EC0-301F-11D3-BF4B-00C04F79EFBC}") = "ServersLibrary", "ServersLibrary\ServersLibrary.csproj", "{80F9E677-1E90-4179-9A25-DF461217F61F}"
EndProject
Project("{FAE04EC0-301F-11D3-BF4B-00C04F79EFBC}") = "Console", "Console\Console.csproj", "{887D8C89-6BB3-4675-BCFB-B410548C4855}"
EndProject
Global
	GlobalSection(SolutionConfigurationPlatforms) = preSolution
		Debug|Any CPU = Debug|Any CPU
		Release|Any CPU = Release|Any CPU
	EndGlobalSection
	GlobalSection(ProjectConfigurationPlatforms) = postSolution
		{80F9E677-1E90-4179-9A25-DF461217F61F}.Debug|Any CPU.ActiveCfg = Debug|Any CPU
		{80F9E677-1E90-4179-9A25-DF461217F61F}.Debug|Any CPU.Build.0 = Debug|Any CPU
		{80F9E677-1E90-4179-9A25-DF461217F61F}.Release|Any CPU.ActiveCfg = Release|Any CPU
		{80F9E677-1E90-4179-9A25-DF461217F61F}.Release|Any CPU.Build.0 = Release|Any CPU
		{887D8C89-6BB3-4675-BCFB-B410548C4855}.Debug|Any CPU.ActiveCfg = Debug|Any CPU
		{887D8C89-6BB3-4675-BCFB-B410548C4855}.Debug|Any CPU.Build.0 = Debug|Any CPU
		{887D8C89-6BB3-4675-BCFB-B410548C4855}.Release|Any CPU.ActiveCfg = Release|Any CPU
		{887D8C89-6BB3-4675-BCFB-B410548C4855}.Release|Any CPU.Build.0 = Release|Any CPU
	EndGlobalSection
	GlobalSection(SolutionProperties) = preSolution
		HideSolutionNode = FALSE
	EndGlobalSection
	GlobalSection(ExtensibilityGlobals) = postSolution
		SolutionGuid = {21EBDF9B-8FEA-4917-A4E9-430B63A456EC}
	EndGlobalSection
EndGlobal
